// !$*UTF8*$!
{
	archiveVersion = 1;
	classes = {
	};
	objectVersion = 50;
	objects = {

/* Begin PBXBuildFile section */
		24ACB4538DE6FD9229621C2E /* Pods_ArchiveTest.framework in Frameworks */ = {isa = PBXBuildFile; fileRef = 739CC6BE41AC3FFEF5B9EE83 /* Pods_ArchiveTest.framework */; };
		8EC39321DA6CAE662A1EAF74 /* Pods_ArchiveTest_ArchiveTestUITests.framework in Frameworks */ = {isa = PBXBuildFile; fileRef = C33D7A2CCF31D83A35E61ECB /* Pods_ArchiveTest_ArchiveTestUITests.framework */; };
		A20C42B687EC27D712B59D03 /* Pods_ArchiveTestTests.framework in Frameworks */ = {isa = PBXBuildFile; fileRef = F462ED9DE1BEDE23A669D944 /* Pods_ArchiveTestTests.framework */; };
		B103516624F5F58A00214868 /* AppDelegate.m in Sources */ = {isa = PBXBuildFile; fileRef = B103516524F5F58A00214868 /* AppDelegate.m */; };
		B103516924F5F58A00214868 /* SceneDelegate.m in Sources */ = {isa = PBXBuildFile; fileRef = B103516824F5F58A00214868 /* SceneDelegate.m */; };
		B103516C24F5F58A00214868 /* ViewController.m in Sources */ = {isa = PBXBuildFile; fileRef = B103516B24F5F58A00214868 /* ViewController.m */; };
		B103516F24F5F58A00214868 /* Main.storyboard in Resources */ = {isa = PBXBuildFile; fileRef = B103516D24F5F58A00214868 /* Main.storyboard */; };
		B103517124F5F58C00214868 /* Assets.xcassets in Resources */ = {isa = PBXBuildFile; fileRef = B103517024F5F58C00214868 /* Assets.xcassets */; };
		B103517424F5F58C00214868 /* LaunchScreen.storyboard in Resources */ = {isa = PBXBuildFile; fileRef = B103517224F5F58C00214868 /* LaunchScreen.storyboard */; };
		B103517724F5F58C00214868 /* main.m in Sources */ = {isa = PBXBuildFile; fileRef = B103517624F5F58C00214868 /* main.m */; };
		B103518124F5F58C00214868 /* ArchiveTestTests.m in Sources */ = {isa = PBXBuildFile; fileRef = B103518024F5F58C00214868 /* ArchiveTestTests.m */; };
		B103518C24F5F58C00214868 /* ArchiveTestUITests.m in Sources */ = {isa = PBXBuildFile; fileRef = B103518B24F5F58C00214868 /* ArchiveTestUITests.m */; };
/* End PBXBuildFile section */

/* Begin PBXContainerItemProxy section */
		B103517D24F5F58C00214868 /* PBXContainerItemProxy */ = {
			isa = PBXContainerItemProxy;
			containerPortal = B103515924F5F58A00214868 /* Project object */;
			proxyType = 1;
			remoteGlobalIDString = B103516024F5F58A00214868;
			remoteInfo = ArchiveTest;
		};
		B103518824F5F58C00214868 /* PBXContainerItemProxy */ = {
			isa = PBXContainerItemProxy;
			containerPortal = B103515924F5F58A00214868 /* Project object */;
			proxyType = 1;
			remoteGlobalIDString = B103516024F5F58A00214868;
			remoteInfo = ArchiveTest;
		};
/* End PBXContainerItemProxy section */

/* Begin PBXFileReference section */
		548A4E6523F40CE9106AA185 /* Pods-ArchiveTestTests.debug.xcconfig */ = {isa = PBXFileReference; includeInIndex = 1; lastKnownFileType = text.xcconfig; name = "Pods-ArchiveTestTests.debug.xcconfig"; path = "Target Support Files/Pods-ArchiveTestTests/Pods-ArchiveTestTests.debug.xcconfig"; sourceTree = "<group>"; };
		739CC6BE41AC3FFEF5B9EE83 /* Pods_ArchiveTest.framework */ = {isa = PBXFileReference; explicitFileType = wrapper.framework; includeInIndex = 0; path = Pods_ArchiveTest.framework; sourceTree = BUILT_PRODUCTS_DIR; };
		7725295A019BC1EAD60C7B5D /* Pods-ArchiveTest.debug.xcconfig */ = {isa = PBXFileReference; includeInIndex = 1; lastKnownFileType = text.xcconfig; name = "Pods-ArchiveTest.debug.xcconfig"; path = "Target Support Files/Pods-ArchiveTest/Pods-ArchiveTest.debug.xcconfig"; sourceTree = "<group>"; };
		A7A6836F22E5C259D2D5D596 /* Pods-ArchiveTest-ArchiveTestUITests.release.xcconfig */ = {isa = PBXFileReference; includeInIndex = 1; lastKnownFileType = text.xcconfig; name = "Pods-ArchiveTest-ArchiveTestUITests.release.xcconfig"; path = "Target Support Files/Pods-ArchiveTest-ArchiveTestUITests/Pods-ArchiveTest-ArchiveTestUITests.release.xcconfig"; sourceTree = "<group>"; };
		B103516124F5F58A00214868 /* ArchiveTest.app */ = {isa = PBXFileReference; explicitFileType = wrapper.application; includeInIndex = 0; path = ArchiveTest.app; sourceTree = BUILT_PRODUCTS_DIR; };
		B103516424F5F58A00214868 /* AppDelegate.h */ = {isa = PBXFileReference; lastKnownFileType = sourcecode.c.h; path = AppDelegate.h; sourceTree = "<group>"; };
		B103516524F5F58A00214868 /* AppDelegate.m */ = {isa = PBXFileReference; lastKnownFileType = sourcecode.c.objc; path = AppDelegate.m; sourceTree = "<group>"; };
		B103516724F5F58A00214868 /* SceneDelegate.h */ = {isa = PBXFileReference; lastKnownFileType = sourcecode.c.h; path = SceneDelegate.h; sourceTree = "<group>"; };
		B103516824F5F58A00214868 /* SceneDelegate.m */ = {isa = PBXFileReference; lastKnownFileType = sourcecode.c.objc; path = SceneDelegate.m; sourceTree = "<group>"; };
		B103516A24F5F58A00214868 /* ViewController.h */ = {isa = PBXFileReference; lastKnownFileType = sourcecode.c.h; path = ViewController.h; sourceTree = "<group>"; };
		B103516B24F5F58A00214868 /* ViewController.m */ = {isa = PBXFileReference; lastKnownFileType = sourcecode.c.objc; path = ViewController.m; sourceTree = "<group>"; };
		B103516E24F5F58A00214868 /* Base */ = {isa = PBXFileReference; lastKnownFileType = file.storyboard; name = Base; path = Base.lproj/Main.storyboard; sourceTree = "<group>"; };
		B103517024F5F58C00214868 /* Assets.xcassets */ = {isa = PBXFileReference; lastKnownFileType = folder.assetcatalog; path = Assets.xcassets; sourceTree = "<group>"; };
		B103517324F5F58C00214868 /* Base */ = {isa = PBXFileReference; lastKnownFileType = file.storyboard; name = Base; path = Base.lproj/LaunchScreen.storyboard; sourceTree = "<group>"; };
		B103517524F5F58C00214868 /* Info.plist */ = {isa = PBXFileReference; lastKnownFileType = text.plist.xml; path = Info.plist; sourceTree = "<group>"; };
		B103517624F5F58C00214868 /* main.m */ = {isa = PBXFileReference; lastKnownFileType = sourcecode.c.objc; path = main.m; sourceTree = "<group>"; };
		B103517C24F5F58C00214868 /* ArchiveTestTests.xctest */ = {isa = PBXFileReference; explicitFileType = wrapper.cfbundle; includeInIndex = 0; path = ArchiveTestTests.xctest; sourceTree = BUILT_PRODUCTS_DIR; };
		B103518024F5F58C00214868 /* ArchiveTestTests.m */ = {isa = PBXFileReference; lastKnownFileType = sourcecode.c.objc; path = ArchiveTestTests.m; sourceTree = "<group>"; };
		B103518224F5F58C00214868 /* Info.plist */ = {isa = PBXFileReference; lastKnownFileType = text.plist.xml; path = Info.plist; sourceTree = "<group>"; };
		B103518724F5F58C00214868 /* ArchiveTestUITests.xctest */ = {isa = PBXFileReference; explicitFileType = wrapper.cfbundle; includeInIndex = 0; path = ArchiveTestUITests.xctest; sourceTree = BUILT_PRODUCTS_DIR; };
		B103518B24F5F58C00214868 /* ArchiveTestUITests.m */ = {isa = PBXFileReference; lastKnownFileType = sourcecode.c.objc; path = ArchiveTestUITests.m; sourceTree = "<group>"; };
		B103518D24F5F58C00214868 /* Info.plist */ = {isa = PBXFileReference; lastKnownFileType = text.plist.xml; path = Info.plist; sourceTree = "<group>"; };
		BE3B02BEE56939F23B965C8F /* Pods-ArchiveTest-ArchiveTestUITests.debug.xcconfig */ = {isa = PBXFileReference; includeInIndex = 1; lastKnownFileType = text.xcconfig; name = "Pods-ArchiveTest-ArchiveTestUITests.debug.xcconfig"; path = "Target Support Files/Pods-ArchiveTest-ArchiveTestUITests/Pods-ArchiveTest-ArchiveTestUITests.debug.xcconfig"; sourceTree = "<group>"; };
		C33D7A2CCF31D83A35E61ECB /* Pods_ArchiveTest_ArchiveTestUITests.framework */ = {isa = PBXFileReference; explicitFileType = wrapper.framework; includeInIndex = 0; path = Pods_ArchiveTest_ArchiveTestUITests.framework; sourceTree = BUILT_PRODUCTS_DIR; };
		D4F4FB329CECD22A0068C401 /* Pods-ArchiveTest.release.xcconfig */ = {isa = PBXFileReference; includeInIndex = 1; lastKnownFileType = text.xcconfig; name = "Pods-ArchiveTest.release.xcconfig"; path = "Target Support Files/Pods-ArchiveTest/Pods-ArchiveTest.release.xcconfig"; sourceTree = "<group>"; };
		E732722ABBE25478D5242C02 /* Pods-ArchiveTestTests.release.xcconfig */ = {isa = PBXFileReference; includeInIndex = 1; lastKnownFileType = text.xcconfig; name = "Pods-ArchiveTestTests.release.xcconfig"; path = "Target Support Files/Pods-ArchiveTestTests/Pods-ArchiveTestTests.release.xcconfig"; sourceTree = "<group>"; };
		F462ED9DE1BEDE23A669D944 /* Pods_ArchiveTestTests.framework */ = {isa = PBXFileReference; explicitFileType = wrapper.framework; includeInIndex = 0; path = Pods_ArchiveTestTests.framework; sourceTree = BUILT_PRODUCTS_DIR; };
/* End PBXFileReference section */

/* Begin PBXFrameworksBuildPhase section */
		B103515E24F5F58A00214868 /* Frameworks */ = {
			isa = PBXFrameworksBuildPhase;
			buildActionMask = 2147483647;
			files = (
				24ACB4538DE6FD9229621C2E /* Pods_ArchiveTest.framework in Frameworks */,
			);
			runOnlyForDeploymentPostprocessing = 0;
		};
		B103517924F5F58C00214868 /* Frameworks */ = {
			isa = PBXFrameworksBuildPhase;
			buildActionMask = 2147483647;
			files = (
				A20C42B687EC27D712B59D03 /* Pods_ArchiveTestTests.framework in Frameworks */,
			);
			runOnlyForDeploymentPostprocessing = 0;
		};
		B103518424F5F58C00214868 /* Frameworks */ = {
			isa = PBXFrameworksBuildPhase;
			buildActionMask = 2147483647;
			files = (
				8EC39321DA6CAE662A1EAF74 /* Pods_ArchiveTest_ArchiveTestUITests.framework in Frameworks */,
			);
			runOnlyForDeploymentPostprocessing = 0;
		};
/* End PBXFrameworksBuildPhase section */

/* Begin PBXGroup section */
		56695E53E2E97D450A33C5A7 /* Frameworks */ = {
			isa = PBXGroup;
			children = (
				739CC6BE41AC3FFEF5B9EE83 /* Pods_ArchiveTest.framework */,
				C33D7A2CCF31D83A35E61ECB /* Pods_ArchiveTest_ArchiveTestUITests.framework */,
				F462ED9DE1BEDE23A669D944 /* Pods_ArchiveTestTests.framework */,
			);
			name = Frameworks;
			sourceTree = "<group>";
		};
		B103515824F5F58A00214868 = {
			isa = PBXGroup;
			children = (
				B103516324F5F58A00214868 /* ArchiveTest */,
				B103517F24F5F58C00214868 /* ArchiveTestTests */,
				B103518A24F5F58C00214868 /* ArchiveTestUITests */,
				B103516224F5F58A00214868 /* Products */,
				B5B2F7AF658635B72AC4762C /* Pods */,
				56695E53E2E97D450A33C5A7 /* Frameworks */,
			);
			sourceTree = "<group>";
		};
		B103516224F5F58A00214868 /* Products */ = {
			isa = PBXGroup;
			children = (
				B103516124F5F58A00214868 /* ArchiveTest.app */,
				B103517C24F5F58C00214868 /* ArchiveTestTests.xctest */,
				B103518724F5F58C00214868 /* ArchiveTestUITests.xctest */,
			);
			name = Products;
			sourceTree = "<group>";
		};
		B103516324F5F58A00214868 /* ArchiveTest */ = {
			isa = PBXGroup;
			children = (
				B103516424F5F58A00214868 /* AppDelegate.h */,
				B103516524F5F58A00214868 /* AppDelegate.m */,
				B103516724F5F58A00214868 /* SceneDelegate.h */,
				B103516824F5F58A00214868 /* SceneDelegate.m */,
				B103516A24F5F58A00214868 /* ViewController.h */,
				B103516B24F5F58A00214868 /* ViewController.m */,
				B103516D24F5F58A00214868 /* Main.storyboard */,
				B103517024F5F58C00214868 /* Assets.xcassets */,
				B103517224F5F58C00214868 /* LaunchScreen.storyboard */,
				B103517524F5F58C00214868 /* Info.plist */,
				B103517624F5F58C00214868 /* main.m */,
			);
			path = ArchiveTest;
			sourceTree = "<group>";
		};
		B103517F24F5F58C00214868 /* ArchiveTestTests */ = {
			isa = PBXGroup;
			children = (
				B103518024F5F58C00214868 /* ArchiveTestTests.m */,
				B103518224F5F58C00214868 /* Info.plist */,
			);
			path = ArchiveTestTests;
			sourceTree = "<group>";
		};
		B103518A24F5F58C00214868 /* ArchiveTestUITests */ = {
			isa = PBXGroup;
			children = (
				B103518B24F5F58C00214868 /* ArchiveTestUITests.m */,
				B103518D24F5F58C00214868 /* Info.plist */,
			);
			path = ArchiveTestUITests;
			sourceTree = "<group>";
		};
		B5B2F7AF658635B72AC4762C /* Pods */ = {
			isa = PBXGroup;
			children = (
				7725295A019BC1EAD60C7B5D /* Pods-ArchiveTest.debug.xcconfig */,
				D4F4FB329CECD22A0068C401 /* Pods-ArchiveTest.release.xcconfig */,
				BE3B02BEE56939F23B965C8F /* Pods-ArchiveTest-ArchiveTestUITests.debug.xcconfig */,
				A7A6836F22E5C259D2D5D596 /* Pods-ArchiveTest-ArchiveTestUITests.release.xcconfig */,
				548A4E6523F40CE9106AA185 /* Pods-ArchiveTestTests.debug.xcconfig */,
				E732722ABBE25478D5242C02 /* Pods-ArchiveTestTests.release.xcconfig */,
			);
			path = Pods;
			sourceTree = "<group>";
		};
/* End PBXGroup section */

/* Begin PBXNativeTarget section */
		B103516024F5F58A00214868 /* ArchiveTest */ = {
			isa = PBXNativeTarget;
			buildConfigurationList = B103519024F5F58C00214868 /* Build configuration list for PBXNativeTarget "ArchiveTest" */;
			buildPhases = (
				3910EBDD4600961EB7F04B17 /* [CP] Check Pods Manifest.lock */,
				B103515D24F5F58A00214868 /* Sources */,
				B103515E24F5F58A00214868 /* Frameworks */,
				B103515F24F5F58A00214868 /* Resources */,
			);
			buildRules = (
			);
			dependencies = (
			);
			name = ArchiveTest;
			productName = ArchiveTest;
			productReference = B103516124F5F58A00214868 /* ArchiveTest.app */;
			productType = "com.apple.product-type.application";
		};
		B103517B24F5F58C00214868 /* ArchiveTestTests */ = {
			isa = PBXNativeTarget;
			buildConfigurationList = B103519324F5F58C00214868 /* Build configuration list for PBXNativeTarget "ArchiveTestTests" */;
			buildPhases = (
				ED213211BAC09FE940954AF4 /* [CP] Check Pods Manifest.lock */,
				B103517824F5F58C00214868 /* Sources */,
				B103517924F5F58C00214868 /* Frameworks */,
				B103517A24F5F58C00214868 /* Resources */,
			);
			buildRules = (
			);
			dependencies = (
				B103517E24F5F58C00214868 /* PBXTargetDependency */,
			);
			name = ArchiveTestTests;
			productName = ArchiveTestTests;
			productReference = B103517C24F5F58C00214868 /* ArchiveTestTests.xctest */;
			productType = "com.apple.product-type.bundle.unit-test";
		};
		B103518624F5F58C00214868 /* ArchiveTestUITests */ = {
			isa = PBXNativeTarget;
			buildConfigurationList = B103519624F5F58C00214868 /* Build configuration list for PBXNativeTarget "ArchiveTestUITests" */;
			buildPhases = (
				75D34C749722A0F1B331D11E /* [CP] Check Pods Manifest.lock */,
				B103518324F5F58C00214868 /* Sources */,
				B103518424F5F58C00214868 /* Frameworks */,
				B103518524F5F58C00214868 /* Resources */,
			);
			buildRules = (
			);
			dependencies = (
				B103518924F5F58C00214868 /* PBXTargetDependency */,
			);
			name = ArchiveTestUITests;
			productName = ArchiveTestUITests;
			productReference = B103518724F5F58C00214868 /* ArchiveTestUITests.xctest */;
			productType = "com.apple.product-type.bundle.ui-testing";
		};
/* End PBXNativeTarget section */

/* Begin PBXProject section */
		B103515924F5F58A00214868 /* Project object */ = {
			isa = PBXProject;
			attributes = {
				LastUpgradeCheck = 1160;
				ORGANIZATIONNAME = "碳银网";
				TargetAttributes = {
					B103516024F5F58A00214868 = {
						CreatedOnToolsVersion = 11.6;
					};
					B103517B24F5F58C00214868 = {
						CreatedOnToolsVersion = 11.6;
						TestTargetID = B103516024F5F58A00214868;
					};
					B103518624F5F58C00214868 = {
						CreatedOnToolsVersion = 11.6;
						TestTargetID = B103516024F5F58A00214868;
					};
				};
			};
			buildConfigurationList = B103515C24F5F58A00214868 /* Build configuration list for PBXProject "ArchiveTest" */;
			compatibilityVersion = "Xcode 9.3";
			developmentRegion = en;
			hasScannedForEncodings = 0;
			knownRegions = (
				en,
				Base,
			);
			mainGroup = B103515824F5F58A00214868;
			productRefGroup = B103516224F5F58A00214868 /* Products */;
			projectDirPath = "";
			projectRoot = "";
			targets = (
				B103516024F5F58A00214868 /* ArchiveTest */,
				B103517B24F5F58C00214868 /* ArchiveTestTests */,
				B103518624F5F58C00214868 /* ArchiveTestUITests */,
			);
		};
/* End PBXProject section */

/* Begin PBXResourcesBuildPhase section */
		B103515F24F5F58A00214868 /* Resources */ = {
			isa = PBXResourcesBuildPhase;
			buildActionMask = 2147483647;
			files = (
				B103517424F5F58C00214868 /* LaunchScreen.storyboard in Resources */,
				B103517124F5F58C00214868 /* Assets.xcassets in Resources */,
				B103516F24F5F58A00214868 /* Main.storyboard in Resources */,
			);
			runOnlyForDeploymentPostprocessing = 0;
		};
		B103517A24F5F58C00214868 /* Resources */ = {
			isa = PBXResourcesBuildPhase;
			buildActionMask = 2147483647;
			files = (
			);
			runOnlyForDeploymentPostprocessing = 0;
		};
		B103518524F5F58C00214868 /* Resources */ = {
			isa = PBXResourcesBuildPhase;
			buildActionMask = 2147483647;
			files = (
			);
			runOnlyForDeploymentPostprocessing = 0;
		};
/* End PBXResourcesBuildPhase section */

/* Begin PBXShellScriptBuildPhase section */
		3910EBDD4600961EB7F04B17 /* [CP] Check Pods Manifest.lock */ = {
			isa = PBXShellScriptBuildPhase;
			buildActionMask = 2147483647;
			files = (
			);
			inputFileListPaths = (
			);
			inputPaths = (
				"${PODS_PODFILE_DIR_PATH}/Podfile.lock",
				"${PODS_ROOT}/Manifest.lock",
			);
			name = "[CP] Check Pods Manifest.lock";
			outputFileListPaths = (
			);
			outputPaths = (
				"$(DERIVED_FILE_DIR)/Pods-ArchiveTest-checkManifestLockResult.txt",
			);
			runOnlyForDeploymentPostprocessing = 0;
			shellPath = /bin/sh;
			shellScript = "diff \"${PODS_PODFILE_DIR_PATH}/Podfile.lock\" \"${PODS_ROOT}/Manifest.lock\" > /dev/null\nif [ $? != 0 ] ; then\n    # print error to STDERR\n    echo \"error: The sandbox is not in sync with the Podfile.lock. Run 'pod install' or update your CocoaPods installation.\" >&2\n    exit 1\nfi\n# This output is used by Xcode 'outputs' to avoid re-running this script phase.\necho \"SUCCESS\" > \"${SCRIPT_OUTPUT_FILE_0}\"\n";
			showEnvVarsInLog = 0;
		};
		75D34C749722A0F1B331D11E /* [CP] Check Pods Manifest.lock */ = {
			isa = PBXShellScriptBuildPhase;
			buildActionMask = 2147483647;
			files = (
			);
			inputFileListPaths = (
			);
			inputPaths = (
				"${PODS_PODFILE_DIR_PATH}/Podfile.lock",
				"${PODS_ROOT}/Manifest.lock",
			);
			name = "[CP] Check Pods Manifest.lock";
			outputFileListPaths = (
			);
			outputPaths = (
				"$(DERIVED_FILE_DIR)/Pods-ArchiveTest-ArchiveTestUITests-checkManifestLockResult.txt",
			);
			runOnlyForDeploymentPostprocessing = 0;
			shellPath = /bin/sh;
			shellScript = "diff \"${PODS_PODFILE_DIR_PATH}/Podfile.lock\" \"${PODS_ROOT}/Manifest.lock\" > /dev/null\nif [ $? != 0 ] ; then\n    # print error to STDERR\n    echo \"error: The sandbox is not in sync with the Podfile.lock. Run 'pod install' or update your CocoaPods installation.\" >&2\n    exit 1\nfi\n# This output is used by Xcode 'outputs' to avoid re-running this script phase.\necho \"SUCCESS\" > \"${SCRIPT_OUTPUT_FILE_0}\"\n";
			showEnvVarsInLog = 0;
		};
		ED213211BAC09FE940954AF4 /* [CP] Check Pods Manifest.lock */ = {
			isa = PBXShellScriptBuildPhase;
			buildActionMask = 2147483647;
			files = (
			);
			inputFileListPaths = (
			);
			inputPaths = (
				"${PODS_PODFILE_DIR_PATH}/Podfile.lock",
				"${PODS_ROOT}/Manifest.lock",
			);
			name = "[CP] Check Pods Manifest.lock";
			outputFileListPaths = (
			);
			outputPaths = (
				"$(DERIVED_FILE_DIR)/Pods-ArchiveTestTests-checkManifestLockResult.txt",
			);
			runOnlyForDeploymentPostprocessing = 0;
			shellPath = /bin/sh;
			shellScript = "diff \"${PODS_PODFILE_DIR_PATH}/Podfile.lock\" \"${PODS_ROOT}/Manifest.lock\" > /dev/null\nif [ $? != 0 ] ; then\n    # print error to STDERR\n    echo \"error: The sandbox is not in sync with the Podfile.lock. Run 'pod install' or update your CocoaPods installation.\" >&2\n    exit 1\nfi\n# This output is used by Xcode 'outputs' to avoid re-running this script phase.\necho \"SUCCESS\" > \"${SCRIPT_OUTPUT_FILE_0}\"\n";
			showEnvVarsInLog = 0;
		};
/* End PBXShellScriptBuildPhase section */

/* Begin PBXSourcesBuildPhase section */
		B103515D24F5F58A00214868 /* Sources */ = {
			isa = PBXSourcesBuildPhase;
			buildActionMask = 2147483647;
			files = (
				B103516C24F5F58A00214868 /* ViewController.m in Sources */,
				B103516624F5F58A00214868 /* AppDelegate.m in Sources */,
				B103517724F5F58C00214868 /* main.m in Sources */,
				B103516924F5F58A00214868 /* SceneDelegate.m in Sources */,
			);
			runOnlyForDeploymentPostprocessing = 0;
		};
		B103517824F5F58C00214868 /* Sources */ = {
			isa = PBXSourcesBuildPhase;
			buildActionMask = 2147483647;
			files = (
				B103518124F5F58C00214868 /* ArchiveTestTests.m in Sources */,
			);
			runOnlyForDeploymentPostprocessing = 0;
		};
		B103518324F5F58C00214868 /* Sources */ = {
			isa = PBXSourcesBuildPhase;
			buildActionMask = 2147483647;
			files = (
				B103518C24F5F58C00214868 /* ArchiveTestUITests.m in Sources */,
			);
			runOnlyForDeploymentPostprocessing = 0;
		};
/* End PBXSourcesBuildPhase section */

/* Begin PBXTargetDependency section */
		B103517E24F5F58C00214868 /* PBXTargetDependency */ = {
			isa = PBXTargetDependency;
			target = B103516024F5F58A00214868 /* ArchiveTest */;
			targetProxy = B103517D24F5F58C00214868 /* PBXContainerItemProxy */;
		};
		B103518924F5F58C00214868 /* PBXTargetDependency */ = {
			isa = PBXTargetDependency;
			target = B103516024F5F58A00214868 /* ArchiveTest */;
			targetProxy = B103518824F5F58C00214868 /* PBXContainerItemProxy */;
		};
/* End PBXTargetDependency section */

/* Begin PBXVariantGroup section */
		B103516D24F5F58A00214868 /* Main.storyboard */ = {
			isa = PBXVariantGroup;
			children = (
				B103516E24F5F58A00214868 /* Base */,
			);
			name = Main.storyboard;
			sourceTree = "<group>";
		};
		B103517224F5F58C00214868 /* LaunchScreen.storyboard */ = {
			isa = PBXVariantGroup;
			children = (
				B103517324F5F58C00214868 /* Base */,
			);
			name = LaunchScreen.storyboard;
			sourceTree = "<group>";
		};
/* End PBXVariantGroup section */

/* Begin XCBuildConfiguration section */
		B103518E24F5F58C00214868 /* Debug */ = {
			isa = XCBuildConfiguration;
			buildSettings = {
				ALWAYS_SEARCH_USER_PATHS = NO;
				CLANG_ANALYZER_NONNULL = YES;
				CLANG_ANALYZER_NUMBER_OBJECT_CONVERSION = YES_AGGRESSIVE;
				CLANG_CXX_LANGUAGE_STANDARD = "gnu++14";
				CLANG_CXX_LIBRARY = "libc++";
				CLANG_ENABLE_MODULES = YES;
				CLANG_ENABLE_OBJC_ARC = YES;
				CLANG_ENABLE_OBJC_WEAK = YES;
				CLANG_WARN_BLOCK_CAPTURE_AUTORELEASING = YES;
				CLANG_WARN_BOOL_CONVERSION = YES;
				CLANG_WARN_COMMA = YES;
				CLANG_WARN_CONSTANT_CONVERSION = YES;
				CLANG_WARN_DEPRECATED_OBJC_IMPLEMENTATIONS = YES;
				CLANG_WARN_DIRECT_OBJC_ISA_USAGE = YES_ERROR;
				CLANG_WARN_DOCUMENTATION_COMMENTS = YES;
				CLANG_WARN_EMPTY_BODY = YES;
				CLANG_WARN_ENUM_CONVERSION = YES;
				CLANG_WARN_INFINITE_RECURSION = YES;
				CLANG_WARN_INT_CONVERSION = YES;
				CLANG_WARN_NON_LITERAL_NULL_CONVERSION = YES;
				CLANG_WARN_OBJC_IMPLICIT_RETAIN_SELF = YES;
				CLANG_WARN_OBJC_LITERAL_CONVERSION = YES;
				CLANG_WARN_OBJC_ROOT_CLASS = YES_ERROR;
				CLANG_WARN_RANGE_LOOP_ANALYSIS = YES;
				CLANG_WARN_STRICT_PROTOTYPES = YES;
				CLANG_WARN_SUSPICIOUS_MOVE = YES;
				CLANG_WARN_UNGUARDED_AVAILABILITY = YES_AGGRESSIVE;
				CLANG_WARN_UNREACHABLE_CODE = YES;
				CLANG_WARN__DUPLICATE_METHOD_MATCH = YES;
				COPY_PHASE_STRIP = NO;
				DEBUG_INFORMATION_FORMAT = dwarf;
				ENABLE_STRICT_OBJC_MSGSEND = YES;
				ENABLE_TESTABILITY = YES;
				GCC_C_LANGUAGE_STANDARD = gnu11;
				GCC_DYNAMIC_NO_PIC = NO;
				GCC_NO_COMMON_BLOCKS = YES;
				GCC_OPTIMIZATION_LEVEL = 0;
				GCC_PREPROCESSOR_DEFINITIONS = (
					"DEBUG=1",
					"$(inherited)",
				);
				GCC_WARN_64_TO_32_BIT_CONVERSION = YES;
				GCC_WARN_ABOUT_RETURN_TYPE = YES_ERROR;
				GCC_WARN_UNDECLARED_SELECTOR = YES;
				GCC_WARN_UNINITIALIZED_AUTOS = YES_AGGRESSIVE;
				GCC_WARN_UNUSED_FUNCTION = YES;
				GCC_WARN_UNUSED_VARIABLE = YES;
				IPHONEOS_DEPLOYMENT_TARGET = 13.6;
				MTL_ENABLE_DEBUG_INFO = INCLUDE_SOURCE;
				MTL_FAST_MATH = YES;
				ONLY_ACTIVE_ARCH = YES;
				SDKROOT = iphoneos;
			};
			name = Debug;
		};
		B103518F24F5F58C00214868 /* Release */ = {
			isa = XCBuildConfiguration;
			buildSettings = {
				ALWAYS_SEARCH_USER_PATHS = NO;
				CLANG_ANALYZER_NONNULL = YES;
				CLANG_ANALYZER_NUMBER_OBJECT_CONVERSION = YES_AGGRESSIVE;
				CLANG_CXX_LANGUAGE_STANDARD = "gnu++14";
				CLANG_CXX_LIBRARY = "libc++";
				CLANG_ENABLE_MODULES = YES;
				CLANG_ENABLE_OBJC_ARC = YES;
				CLANG_ENABLE_OBJC_WEAK = YES;
				CLANG_WARN_BLOCK_CAPTURE_AUTORELEASING = YES;
				CLANG_WARN_BOOL_CONVERSION = YES;
				CLANG_WARN_COMMA = YES;
				CLANG_WARN_CONSTANT_CONVERSION = YES;
				CLANG_WARN_DEPRECATED_OBJC_IMPLEMENTATIONS = YES;
				CLANG_WARN_DIRECT_OBJC_ISA_USAGE = YES_ERROR;
				CLANG_WARN_DOCUMENTATION_COMMENTS = YES;
				CLANG_WARN_EMPTY_BODY = YES;
				CLANG_WARN_ENUM_CONVERSION = YES;
				CLANG_WARN_INFINITE_RECURSION = YES;
				CLANG_WARN_INT_CONVERSION = YES;
				CLANG_WARN_NON_LITERAL_NULL_CONVERSION = YES;
				CLANG_WARN_OBJC_IMPLICIT_RETAIN_SELF = YES;
				CLANG_WARN_OBJC_LITERAL_CONVERSION = YES;
				CLANG_WARN_OBJC_ROOT_CLASS = YES_ERROR;
				CLANG_WARN_RANGE_LOOP_ANALYSIS = YES;
				CLANG_WARN_STRICT_PROTOTYPES = YES;
				CLANG_WARN_SUSPICIOUS_MOVE = YES;
				CLANG_WARN_UNGUARDED_AVAILABILITY = YES_AGGRESSIVE;
				CLANG_WARN_UNREACHABLE_CODE = YES;
				CLANG_WARN__DUPLICATE_METHOD_MATCH = YES;
				COPY_PHASE_STRIP = NO;
				DEBUG_INFORMATION_FORMAT = "dwarf-with-dsym";
				ENABLE_NS_ASSERTIONS = NO;
				ENABLE_STRICT_OBJC_MSGSEND = YES;
				GCC_C_LANGUAGE_STANDARD = gnu11;
				GCC_NO_COMMON_BLOCKS = YES;
				GCC_WARN_64_TO_32_BIT_CONVERSION = YES;
				GCC_WARN_ABOUT_RETURN_TYPE = YES_ERROR;
				GCC_WARN_UNDECLARED_SELECTOR = YES;
				GCC_WARN_UNINITIALIZED_AUTOS = YES_AGGRESSIVE;
				GCC_WARN_UNUSED_FUNCTION = YES;
				GCC_WARN_UNUSED_VARIABLE = YES;
				IPHONEOS_DEPLOYMENT_TARGET = 13.6;
				MTL_ENABLE_DEBUG_INFO = NO;
				MTL_FAST_MATH = YES;
				SDKROOT = iphoneos;
				VALIDATE_PRODUCT = YES;
			};
			name = Release;
		};
		B103519124F5F58C00214868 /* Debug */ = {
			isa = XCBuildConfiguration;
			baseConfigurationReference = 7725295A019BC1EAD60C7B5D /* Pods-ArchiveTest.debug.xcconfig */;
			buildSettings = {
				ASSETCATALOG_COMPILER_APPICON_NAME = AppIcon;
				CODE_SIGN_IDENTITY = "Apple Development";
				CODE_SIGN_STYLE = Automatic;
				DEVELOPMENT_TEAM = FWGGQF6Q9C;
				ENABLE_BITCODE = NO;
				INFOPLIST_FILE = ArchiveTest/Info.plist;
				IPHONEOS_DEPLOYMENT_TARGET = 13.0;
				LD_RUNPATH_SEARCH_PATHS = (
					"$(inherited)",
					"@executable_path/Frameworks",
				);
				PRODUCT_BUNDLE_IDENTIFIER = TanYin.Net.ArchiveTest;
				PRODUCT_NAME = "$(TARGET_NAME)";
				PROVISIONING_PROFILE_SPECIFIER = "";
				TARGETED_DEVICE_FAMILY = "1,2";
			};
			name = Debug;
		};
		B103519224F5F58C00214868 /* Release */ = {
			isa = XCBuildConfiguration;
			baseConfigurationReference = D4F4FB329CECD22A0068C401 /* Pods-ArchiveTest.release.xcconfig */;
			buildSettings = {
				ASSETCATALOG_COMPILER_APPICON_NAME = AppIcon;
				CODE_SIGN_IDENTITY = "Apple Development";
				CODE_SIGN_STYLE = Automatic;
				DEVELOPMENT_TEAM = FWGGQF6Q9C;
				ENABLE_BITCODE = NO;
				INFOPLIST_FILE = ArchiveTest/Info.plist;
				IPHONEOS_DEPLOYMENT_TARGET = 13.0;
				LD_RUNPATH_SEARCH_PATHS = (
					"$(inherited)",
					"@executable_path/Frameworks",
				);
				PRODUCT_BUNDLE_IDENTIFIER = TanYin.Net.ArchiveTest;
				PRODUCT_NAME = "$(TARGET_NAME)";
				PROVISIONING_PROFILE_SPECIFIER = "";
				TARGETED_DEVICE_FAMILY = "1,2";
			};
			name = Release;
		};
		B103519424F5F58C00214868 /* Debug */ = {
			isa = XCBuildConfiguration;
			baseConfigurationReference = 548A4E6523F40CE9106AA185 /* Pods-ArchiveTestTests.debug.xcconfig */;
			buildSettings = {
				BUNDLE_LOADER = "$(TEST_HOST)";
				CODE_SIGN_STYLE = Automatic;
				DEVELOPMENT_TEAM = FWGGQF6Q9C;
				INFOPLIST_FILE = ArchiveTestTests/Info.plist;
				IPHONEOS_DEPLOYMENT_TARGET = 13.6;
				LD_RUNPATH_SEARCH_PATHS = (
					"$(inherited)",
					"@executable_path/Frameworks",
					"@loader_path/Frameworks",
				);
				PRODUCT_BUNDLE_IDENTIFIER = TanYin.Net.ArchiveTestTests;
				PRODUCT_NAME = "$(TARGET_NAME)";
				TARGETED_DEVICE_FAMILY = "1,2";
				TEST_HOST = "$(BUILT_PRODUCTS_DIR)/ArchiveTest.app/ArchiveTest";
			};
			name = Debug;
		};
		B103519524F5F58C00214868 /* Release */ = {
			isa = XCBuildConfiguration;
			baseConfigurationReference = E732722ABBE25478D5242C02 /* Pods-ArchiveTestTests.release.xcconfig */;
			buildSettings = {
				BUNDLE_LOADER = "$(TEST_HOST)";
				CODE_SIGN_STYLE = Automatic;
				DEVELOPMENT_TEAM = FWGGQF6Q9C;
				INFOPLIST_FILE = ArchiveTestTests/Info.plist;
				IPHONEOS_DEPLOYMENT_TARGET = 13.6;
				LD_RUNPATH_SEARCH_PATHS = (
					"$(inherited)",
					"@executable_path/Frameworks",
					"@loader_path/Frameworks",
				);
				PRODUCT_BUNDLE_IDENTIFIER = TanYin.Net.ArchiveTestTests;
				PRODUCT_NAME = "$(TARGET_NAME)";
				TARGETED_DEVICE_FAMILY = "1,2";
				TEST_HOST = "$(BUILT_PRODUCTS_DIR)/ArchiveTest.app/ArchiveTest";
			};
			name = Release;
		};
		B103519724F5F58C00214868 /* Debug */ = {
			isa = XCBuildConfiguration;
			baseConfigurationReference = BE3B02BEE56939F23B965C8F /* Pods-ArchiveTest-ArchiveTestUITests.debug.xcconfig */;
			buildSettings = {
				CODE_SIGN_STYLE = Automatic;
				DEVELOPMENT_TEAM = FWGGQF6Q9C;
				INFOPLIST_FILE = ArchiveTestUITests/Info.plist;
				LD_RUNPATH_SEARCH_PATHS = (
					"$(inherited)",
					"@executable_path/Frameworks",
					"@loader_path/Frameworks",
				);
				PRODUCT_BUNDLE_IDENTIFIER = TanYin.Net.ArchiveTestUITests;
				PRODUCT_NAME = "$(TARGET_NAME)";
				TARGETED_DEVICE_FAMILY = "1,2";
				TEST_TARGET_NAME = ArchiveTest;
			};
			name = Debug;
		};
		B103519824F5F58C00214868 /* Release */ = {
			isa = XCBuildConfiguration;
			baseConfigurationReference = A7A6836F22E5C259D2D5D596 /* Pods-ArchiveTest-ArchiveTestUITests.release.xcconfig */;
			buildSettings = {
				CODE_SIGN_STYLE = Automatic;
				DEVELOPMENT_TEAM = FWGGQF6Q9C;
				INFOPLIST_FILE = ArchiveTestUITests/Info.plist;
				LD_RUNPATH_SEARCH_PATHS = (
					"$(inherited)",
					"@executable_path/Frameworks",
					"@loader_path/Frameworks",
				);
				PRODUCT_BUNDLE_IDENTIFIER = TanYin.Net.ArchiveTestUITests;
				PRODUCT_NAME = "$(TARGET_NAME)";
				TARGETED_DEVICE_FAMILY = "1,2";
				TEST_TARGET_NAME = ArchiveTest;
			};
			name = Release;
		};
/* End XCBuildConfiguration section */

/* Begin XCConfigurationList section */
		B103515C24F5F58A00214868 /* Build configuration list for PBXProject "ArchiveTest" */ = {
			isa = XCConfigurationList;
			buildConfigurations = (
				B103518E24F5F58C00214868 /* Debug */,
				B103518F24F5F58C00214868 /* Release */,
			);
			defaultConfigurationIsVisible = 0;
			defaultConfigurationName = Release;
		};
		B103519024F5F58C00214868 /* Build configuration list for PBXNativeTarget "ArchiveTest" */ = {
			isa = XCConfigurationList;
			buildConfigurations = (
				B103519124F5F58C00214868 /* Debug */,
				B103519224F5F58C00214868 /* Release */,
			);
			defaultConfigurationIsVisible = 0;
			defaultConfigurationName = Release;
		};
		B103519324F5F58C00214868 /* Build configuration list for PBXNativeTarget "ArchiveTestTests" */ = {
			isa = XCConfigurationList;
			buildConfigurations = (
				B103519424F5F58C00214868 /* Debug */,
				B103519524F5F58C00214868 /* Release */,
			);
			defaultConfigurationIsVisible = 0;
			defaultConfigurationName = Release;
		};
		B103519624F5F58C00214868 /* Build configuration list for PBXNativeTarget "ArchiveTestUITests" */ = {
			isa = XCConfigurationList;
			buildConfigurations = (
				B103519724F5F58C00214868 /* Debug */,
				B103519824F5F58C00214868 /* Release */,
			);
			defaultConfigurationIsVisible = 0;
			defaultConfigurationName = Release;
		};
/* End XCConfigurationList section */
	};
	rootObject = B103515924F5F58A00214868 /* Project object */;
}
